
Microsoft Visual Studio Solution File, Format Version 12.00
# Visual Studio Version 17
VisualStudioVersion = 17.11.35312.102
MinimumVisualStudioVersion = 10.0.40219.1
Project("{FAE04EC0-301F-11D3-BF4B-00C04F79EFBC}") = "PL", "PL\PL.csproj", "{58171095-3ED2-49A3-986C-E46F2B5FF99D}"
EndProject
Project("{FAE04EC0-301F-11D3-BF4B-00C04F79EFBC}") = "ML", "ML\ML.csproj", "{597D20A5-0293-4EDC-9B64-9395F6C42722}"
EndProject
Global
	GlobalSection(SolutionConfigurationPlatforms) = preSolution
		Debug|Any CPU = Debug|Any CPU
		Release|Any CPU = Release|Any CPU
	EndGlobalSection
	GlobalSection(ProjectConfigurationPlatforms) = postSolution
		{58171095-3ED2-49A3-986C-E46F2B5FF99D}.Debug|Any CPU.ActiveCfg = Debug|Any CPU
		{58171095-3ED2-49A3-986C-E46F2B5FF99D}.Debug|Any CPU.Build.0 = Debug|Any CPU
		{58171095-3ED2-49A3-986C-E46F2B5FF99D}.Release|Any CPU.ActiveCfg = Release|Any CPU
		{58171095-3ED2-49A3-986C-E46F2B5FF99D}.Release|Any CPU.Build.0 = Release|Any CPU
		{597D20A5-0293-4EDC-9B64-9395F6C42722}.Debug|Any CPU.ActiveCfg = Debug|Any CPU
		{597D20A5-0293-4EDC-9B64-9395F6C42722}.Debug|Any CPU.Build.0 = Debug|Any CPU
		{597D20A5-0293-4EDC-9B64-9395F6C42722}.Release|Any CPU.ActiveCfg = Release|Any CPU
		{597D20A5-0293-4EDC-9B64-9395F6C42722}.Release|Any CPU.Build.0 = Release|Any CPU
	EndGlobalSection
	GlobalSection(SolutionProperties) = preSolution
		HideSolutionNode = FALSE
	EndGlobalSection
	GlobalSection(ExtensibilityGlobals) = postSolution
		SolutionGuid = {FD987CAD-F410-448A-A516-09581872C0AC}
	EndGlobalSection
EndGlobal
